PODS:
  - AppNexusSDK (2.13.2):
    - AppNexusSDK/AppNexusSDK (= 2.13.2)
  - AppNexusSDK/AppNexusSDK (2.13.2)
  - AppNexusSDK/GoogleAdapter (2.13.2):
    - AppNexusSDK/AppNexusSDK (= 2.13.2)

DEPENDENCIES:
  - AppNexusSDK (~> 2.13)
  - AppNexusSDK/GoogleAdapter

SPEC CHECKSUMS:
  AppNexusSDK: e7c5aaa628434f1398d0ee7921db14ad1e940db5

PODFILE CHECKSUM: 9bd8fd0a615e0dc24746c97d80991dd1dcf3fcb2

COCOAPODS: 1.0.1
