// !$*UTF8*$!
{
	archiveVersion = 1;
	classes = {
	};
	objectVersion = 46;
	objects = {

/* Begin PBXBuildFile section */
		FB2CE1491D187471008A9AFA /* MealViewController.swift in Sources */ = {isa = PBXBuildFile; fileRef = FB2CE1481D187471008A9AFA /* MealViewController.swift */; };
		FB2CE1661D1C41D3008A9AFA /* AdSupport.framework in Frameworks */ = {isa = PBXBuildFile; fileRef = FB2CE1531D1C41D3008A9AFA /* AdSupport.framework */; };
		FB2CE1671D1C41D3008A9AFA /* AudioToolbox.framework in Frameworks */ = {isa = PBXBuildFile; fileRef = FB2CE1541D1C41D3008A9AFA /* AudioToolbox.framework */; };
		FB2CE1681D1C41D3008A9AFA /* AVFoundation.framework in Frameworks */ = {isa = PBXBuildFile; fileRef = FB2CE1551D1C41D3008A9AFA /* AVFoundation.framework */; };
		FB2CE1691D1C41D3008A9AFA /* CFNetwork.framework in Frameworks */ = {isa = PBXBuildFile; fileRef = FB2CE1561D1C41D3008A9AFA /* CFNetwork.framework */; };
		FB2CE16A1D1C41D3008A9AFA /* CoreGraphics.framework in Frameworks */ = {isa = PBXBuildFile; fileRef = FB2CE1571D1C41D3008A9AFA /* CoreGraphics.framework */; };
		FB2CE16B1D1C41D3008A9AFA /* CoreTelephony.framework in Frameworks */ = {isa = PBXBuildFile; fileRef = FB2CE1581D1C41D3008A9AFA /* CoreTelephony.framework */; };
		FB2CE16C1D1C41D3008A9AFA /* EventKit.framework in Frameworks */ = {isa = PBXBuildFile; fileRef = FB2CE1591D1C41D3008A9AFA /* EventKit.framework */; };
		FB2CE16D1D1C41D3008A9AFA /* Foundation.framework in Frameworks */ = {isa = PBXBuildFile; fileRef = FB2CE15A1D1C41D3008A9AFA /* Foundation.framework */; };
		FB2CE16E1D1C41D3008A9AFA /* iAd.framework in Frameworks */ = {isa = PBXBuildFile; fileRef = FB2CE15B1D1C41D3008A9AFA /* iAd.framework */; };
		FB2CE16F1D1C41D3008A9AFA /* MediaPlayer.framework in Frameworks */ = {isa = PBXBuildFile; fileRef = FB2CE15C1D1C41D3008A9AFA /* MediaPlayer.framework */; };
		FB2CE1701D1C41D3008A9AFA /* MessageUI.framework in Frameworks */ = {isa = PBXBuildFile; fileRef = FB2CE15D1D1C41D3008A9AFA /* MessageUI.framework */; };
		FB2CE1711D1C41D3008A9AFA /* MobileCoreServices.framework in Frameworks */ = {isa = PBXBuildFile; fileRef = FB2CE15E1D1C41D3008A9AFA /* MobileCoreServices.framework */; };
		FB2CE1721D1C41D3008A9AFA /* PassKit.framework in Frameworks */ = {isa = PBXBuildFile; fileRef = FB2CE15F1D1C41D3008A9AFA /* PassKit.framework */; };
		FB2CE1731D1C41D3008A9AFA /* QuartzCore.framework in Frameworks */ = {isa = PBXBuildFile; fileRef = FB2CE1601D1C41D3008A9AFA /* QuartzCore.framework */; };
		FB2CE1741D1C41D3008A9AFA /* Security.framework in Frameworks */ = {isa = PBXBuildFile; fileRef = FB2CE1611D1C41D3008A9AFA /* Security.framework */; };
		FB2CE1751D1C41D3008A9AFA /* Social.framework in Frameworks */ = {isa = PBXBuildFile; fileRef = FB2CE1621D1C41D3008A9AFA /* Social.framework */; };
		FB2CE1761D1C41D3008A9AFA /* StoreKit.framework in Frameworks */ = {isa = PBXBuildFile; fileRef = FB2CE1631D1C41D3008A9AFA /* StoreKit.framework */; };
		FB2CE1771D1C41D3008A9AFA /* SystemConfiguration.framework in Frameworks */ = {isa = PBXBuildFile; fileRef = FB2CE1641D1C41D3008A9AFA /* SystemConfiguration.framework */; };
		FB2CE1781D1C41D3008A9AFA /* UIKit.framework in Frameworks */ = {isa = PBXBuildFile; fileRef = FB2CE1651D1C41D3008A9AFA /* UIKit.framework */; };
		FB3331781D0B49FE00E505B3 /* RatingControl.swift in Sources */ = {isa = PBXBuildFile; fileRef = FB3331771D0B49FE00E505B3 /* RatingControl.swift */; };
		FB33317A1D11CB1E00E505B3 /* Meal.swift in Sources */ = {isa = PBXBuildFile; fileRef = FB3331791D11CB1E00E505B3 /* Meal.swift */; };
		FB33317B1D11CB1E00E505B3 /* Meal.swift in Sources */ = {isa = PBXBuildFile; fileRef = FB3331791D11CB1E00E505B3 /* Meal.swift */; };
		FB9027DC1D05BD55002BECEE /* AppDelegate.swift in Sources */ = {isa = PBXBuildFile; fileRef = FB9027DB1D05BD55002BECEE /* AppDelegate.swift */; };
		FB9027DE1D05BD55002BECEE /* ViewController.swift in Sources */ = {isa = PBXBuildFile; fileRef = FB9027DD1D05BD55002BECEE /* ViewController.swift */; };
		FB9027E11D05BD55002BECEE /* Main.storyboard in Resources */ = {isa = PBXBuildFile; fileRef = FB9027DF1D05BD55002BECEE /* Main.storyboard */; };
		FB9027E31D05BD55002BECEE /* Assets.xcassets in Resources */ = {isa = PBXBuildFile; fileRef = FB9027E21D05BD55002BECEE /* Assets.xcassets */; };
		FB9027E61D05BD55002BECEE /* LaunchScreen.storyboard in Resources */ = {isa = PBXBuildFile; fileRef = FB9027E41D05BD55002BECEE /* LaunchScreen.storyboard */; };
		FB9027F11D05BD55002BECEE /* FoodTrackerTests.swift in Sources */ = {isa = PBXBuildFile; fileRef = FB9027F01D05BD55002BECEE /* FoodTrackerTests.swift */; };
		FBCD47621D11DEFC00E9B91B /* MealTableViewCell.swift in Sources */ = {isa = PBXBuildFile; fileRef = FBCD47611D11DEFC00E9B91B /* MealTableViewCell.swift */; };
		FBCD47641D11F23900E9B91B /* MealTableViewController.swift in Sources */ = {isa = PBXBuildFile; fileRef = FBCD47631D11F23900E9B91B /* MealTableViewController.swift */; };
/* End PBXBuildFile section */

/* Begin PBXContainerItemProxy section */
		FB9027ED1D05BD55002BECEE /* PBXContainerItemProxy */ = {
			isa = PBXContainerItemProxy;
			containerPortal = FB9027D01D05BD55002BECEE /* Project object */;
			proxyType = 1;
			remoteGlobalIDString = FB9027D71D05BD55002BECEE;
			remoteInfo = FoodTracker;
		};
/* End PBXContainerItemProxy section */

/* Begin PBXFileReference section */
		16DA84A1408BA04D3F648162 /* Pods-FoodTracker.debug.xcconfig */ = {isa = PBXFileReference; includeInIndex = 1; lastKnownFileType = text.xcconfig; name = "Pods-FoodTracker.debug.xcconfig"; path = "Pods/Target Support Files/Pods-FoodTracker/Pods-FoodTracker.debug.xcconfig"; sourceTree = "<group>"; };
		52F064839EBD910D9C6E0B5D /* Pods-FoodTracker.release.xcconfig */ = {isa = PBXFileReference; includeInIndex = 1; lastKnownFileType = text.xcconfig; name = "Pods-FoodTracker.release.xcconfig"; path = "Pods/Target Support Files/Pods-FoodTracker/Pods-FoodTracker.release.xcconfig"; sourceTree = "<group>"; };
		FB2CE1481D187471008A9AFA /* MealViewController.swift */ = {isa = PBXFileReference; fileEncoding = 4; lastKnownFileType = sourcecode.swift; path = MealViewController.swift; sourceTree = "<group>"; };
		FB2CE1531D1C41D3008A9AFA /* AdSupport.framework */ = {isa = PBXFileReference; lastKnownFileType = wrapper.framework; name = AdSupport.framework; path = System/Library/Frameworks/AdSupport.framework; sourceTree = SDKROOT; };
		FB2CE1541D1C41D3008A9AFA /* AudioToolbox.framework */ = {isa = PBXFileReference; lastKnownFileType = wrapper.framework; name = AudioToolbox.framework; path = System/Library/Frameworks/AudioToolbox.framework; sourceTree = SDKROOT; };
		FB2CE1551D1C41D3008A9AFA /* AVFoundation.framework */ = {isa = PBXFileReference; lastKnownFileType = wrapper.framework; name = AVFoundation.framework; path = System/Library/Frameworks/AVFoundation.framework; sourceTree = SDKROOT; };
		FB2CE1561D1C41D3008A9AFA /* CFNetwork.framework */ = {isa = PBXFileReference; lastKnownFileType = wrapper.framework; name = CFNetwork.framework; path = System/Library/Frameworks/CFNetwork.framework; sourceTree = SDKROOT; };
		FB2CE1571D1C41D3008A9AFA /* CoreGraphics.framework */ = {isa = PBXFileReference; lastKnownFileType = wrapper.framework; name = CoreGraphics.framework; path = System/Library/Frameworks/CoreGraphics.framework; sourceTree = SDKROOT; };
		FB2CE1581D1C41D3008A9AFA /* CoreTelephony.framework */ = {isa = PBXFileReference; lastKnownFileType = wrapper.framework; name = CoreTelephony.framework; path = System/Library/Frameworks/CoreTelephony.framework; sourceTree = SDKROOT; };
		FB2CE1591D1C41D3008A9AFA /* EventKit.framework */ = {isa = PBXFileReference; lastKnownFileType = wrapper.framework; name = EventKit.framework; path = System/Library/Frameworks/EventKit.framework; sourceTree = SDKROOT; };
		FB2CE15A1D1C41D3008A9AFA /* Foundation.framework */ = {isa = PBXFileReference; lastKnownFileType = wrapper.framework; name = Foundation.framework; path = System/Library/Frameworks/Foundation.framework; sourceTree = SDKROOT; };
		FB2CE15B1D1C41D3008A9AFA /* iAd.framework */ = {isa = PBXFileReference; lastKnownFileType = wrapper.framework; name = iAd.framework; path = System/Library/Frameworks/iAd.framework; sourceTree = SDKROOT; };
		FB2CE15C1D1C41D3008A9AFA /* MediaPlayer.framework */ = {isa = PBXFileReference; lastKnownFileType = wrapper.framework; name = MediaPlayer.framework; path = System/Library/Frameworks/MediaPlayer.framework; sourceTree = SDKROOT; };
		FB2CE15D1D1C41D3008A9AFA /* MessageUI.framework */ = {isa = PBXFileReference; lastKnownFileType = wrapper.framework; name = MessageUI.framework; path = System/Library/Frameworks/MessageUI.framework; sourceTree = SDKROOT; };
		FB2CE15E1D1C41D3008A9AFA /* MobileCoreServices.framework */ = {isa = PBXFileReference; lastKnownFileType = wrapper.framework; name = MobileCoreServices.framework; path = System/Library/Frameworks/MobileCoreServices.framework; sourceTree = SDKROOT; };
		FB2CE15F1D1C41D3008A9AFA /* PassKit.framework */ = {isa = PBXFileReference; lastKnownFileType = wrapper.framework; name = PassKit.framework; path = System/Library/Frameworks/PassKit.framework; sourceTree = SDKROOT; };
		FB2CE1601D1C41D3008A9AFA /* QuartzCore.framework */ = {isa = PBXFileReference; lastKnownFileType = wrapper.framework; name = QuartzCore.framework; path = System/Library/Frameworks/QuartzCore.framework; sourceTree = SDKROOT; };
		FB2CE1611D1C41D3008A9AFA /* Security.framework */ = {isa = PBXFileReference; lastKnownFileType = wrapper.framework; name = Security.framework; path = System/Library/Frameworks/Security.framework; sourceTree = SDKROOT; };
		FB2CE1621D1C41D3008A9AFA /* Social.framework */ = {isa = PBXFileReference; lastKnownFileType = wrapper.framework; name = Social.framework; path = System/Library/Frameworks/Social.framework; sourceTree = SDKROOT; };
		FB2CE1631D1C41D3008A9AFA /* StoreKit.framework */ = {isa = PBXFileReference; lastKnownFileType = wrapper.framework; name = StoreKit.framework; path = System/Library/Frameworks/StoreKit.framework; sourceTree = SDKROOT; };
		FB2CE1641D1C41D3008A9AFA /* SystemConfiguration.framework */ = {isa = PBXFileReference; lastKnownFileType = wrapper.framework; name = SystemConfiguration.framework; path = System/Library/Frameworks/SystemConfiguration.framework; sourceTree = SDKROOT; };
		FB2CE1651D1C41D3008A9AFA /* UIKit.framework */ = {isa = PBXFileReference; lastKnownFileType = wrapper.framework; name = UIKit.framework; path = System/Library/Frameworks/UIKit.framework; sourceTree = SDKROOT; };
		FB3331771D0B49FE00E505B3 /* RatingControl.swift */ = {isa = PBXFileReference; fileEncoding = 4; lastKnownFileType = sourcecode.swift; path = RatingControl.swift; sourceTree = "<group>"; };
		FB3331791D11CB1E00E505B3 /* Meal.swift */ = {isa = PBXFileReference; fileEncoding = 4; lastKnownFileType = sourcecode.swift; path = Meal.swift; sourceTree = "<group>"; };
		FB9027D81D05BD55002BECEE /* FoodTracker.app */ = {isa = PBXFileReference; explicitFileType = wrapper.application; includeInIndex = 0; path = FoodTracker.app; sourceTree = BUILT_PRODUCTS_DIR; };
		FB9027DB1D05BD55002BECEE /* AppDelegate.swift */ = {isa = PBXFileReference; lastKnownFileType = sourcecode.swift; path = AppDelegate.swift; sourceTree = "<group>"; };
		FB9027DD1D05BD55002BECEE /* ViewController.swift */ = {isa = PBXFileReference; lastKnownFileType = sourcecode.swift; path = ViewController.swift; sourceTree = "<group>"; };
		FB9027E01D05BD55002BECEE /* Base */ = {isa = PBXFileReference; lastKnownFileType = file.storyboard; name = Base; path = Base.lproj/Main.storyboard; sourceTree = "<group>"; };
		FB9027E21D05BD55002BECEE /* Assets.xcassets */ = {isa = PBXFileReference; lastKnownFileType = folder.assetcatalog; path = Assets.xcassets; sourceTree = "<group>"; };
		FB9027E51D05BD55002BECEE /* Base */ = {isa = PBXFileReference; lastKnownFileType = file.storyboard; name = Base; path = Base.lproj/LaunchScreen.storyboard; sourceTree = "<group>"; };
		FB9027E71D05BD55002BECEE /* Info.plist */ = {isa = PBXFileReference; lastKnownFileType = text.plist.xml; path = Info.plist; sourceTree = "<group>"; };
		FB9027EC1D05BD55002BECEE /* FoodTrackerTests.xctest */ = {isa = PBXFileReference; explicitFileType = wrapper.cfbundle; includeInIndex = 0; path = FoodTrackerTests.xctest; sourceTree = BUILT_PRODUCTS_DIR; };
		FB9027F01D05BD55002BECEE /* FoodTrackerTests.swift */ = {isa = PBXFileReference; lastKnownFileType = sourcecode.swift; path = FoodTrackerTests.swift; sourceTree = "<group>"; };
		FB9027F21D05BD55002BECEE /* Info.plist */ = {isa = PBXFileReference; lastKnownFileType = text.plist.xml; path = Info.plist; sourceTree = "<group>"; };
		FBCD47611D11DEFC00E9B91B /* MealTableViewCell.swift */ = {isa = PBXFileReference; fileEncoding = 4; lastKnownFileType = sourcecode.swift; path = MealTableViewCell.swift; sourceTree = "<group>"; };
		FBCD47631D11F23900E9B91B /* MealTableViewController.swift */ = {isa = PBXFileReference; fileEncoding = 4; lastKnownFileType = sourcecode.swift; path = MealTableViewController.swift; sourceTree = "<group>"; };
/* End PBXFileReference section */

/* Begin PBXFrameworksBuildPhase section */
		FB9027D51D05BD55002BECEE /* Frameworks */ = {
			isa = PBXFrameworksBuildPhase;
			buildActionMask = 2147483647;
			files = (
				FB2CE1751D1C41D3008A9AFA /* Social.framework in Frameworks */,
				FB2CE1661D1C41D3008A9AFA /* AdSupport.framework in Frameworks */,
				FB2CE1671D1C41D3008A9AFA /* AudioToolbox.framework in Frameworks */,
				FB2CE1681D1C41D3008A9AFA /* AVFoundation.framework in Frameworks */,
				FB2CE1691D1C41D3008A9AFA /* CFNetwork.framework in Frameworks */,
				FB2CE16A1D1C41D3008A9AFA /* CoreGraphics.framework in Frameworks */,
				FB2CE16B1D1C41D3008A9AFA /* CoreTelephony.framework in Frameworks */,
				FB2CE16C1D1C41D3008A9AFA /* EventKit.framework in Frameworks */,
				FB2CE16D1D1C41D3008A9AFA /* Foundation.framework in Frameworks */,
				FB2CE16E1D1C41D3008A9AFA /* iAd.framework in Frameworks */,
				FB2CE16F1D1C41D3008A9AFA /* MediaPlayer.framework in Frameworks */,
				FB2CE1701D1C41D3008A9AFA /* MessageUI.framework in Frameworks */,
				FB2CE1711D1C41D3008A9AFA /* MobileCoreServices.framework in Frameworks */,
				FB2CE1721D1C41D3008A9AFA /* PassKit.framework in Frameworks */,
				FB2CE1731D1C41D3008A9AFA /* QuartzCore.framework in Frameworks */,
				FB2CE1741D1C41D3008A9AFA /* Security.framework in Frameworks */,
				FB2CE1761D1C41D3008A9AFA /* StoreKit.framework in Frameworks */,
				FB2CE1771D1C41D3008A9AFA /* SystemConfiguration.framework in Frameworks */,
				FB2CE1781D1C41D3008A9AFA /* UIKit.framework in Frameworks */,
			);
			runOnlyForDeploymentPostprocessing = 0;
		};
		FB9027E91D05BD55002BECEE /* Frameworks */ = {
			isa = PBXFrameworksBuildPhase;
			buildActionMask = 2147483647;
			files = (
			);
			runOnlyForDeploymentPostprocessing = 0;
		};
/* End PBXFrameworksBuildPhase section */

/* Begin PBXGroup section */
		30EEA2D732CD7D20DDA2B843 /* Pods */ = {
			isa = PBXGroup;
			children = (
				16DA84A1408BA04D3F648162 /* Pods-FoodTracker.debug.xcconfig */,
				52F064839EBD910D9C6E0B5D /* Pods-FoodTracker.release.xcconfig */,
			);
			name = Pods;
			sourceTree = "<group>";
		};
		FB2CE17A1D1C6750008A9AFA /* Frameworks */ = {
			isa = PBXGroup;
			children = (
				FB2CE1531D1C41D3008A9AFA /* AdSupport.framework */,
				FB2CE1541D1C41D3008A9AFA /* AudioToolbox.framework */,
				FB2CE1551D1C41D3008A9AFA /* AVFoundation.framework */,
				FB2CE1561D1C41D3008A9AFA /* CFNetwork.framework */,
				FB2CE1571D1C41D3008A9AFA /* CoreGraphics.framework */,
				FB2CE1581D1C41D3008A9AFA /* CoreTelephony.framework */,
				FB2CE1591D1C41D3008A9AFA /* EventKit.framework */,
				FB2CE15A1D1C41D3008A9AFA /* Foundation.framework */,
				FB2CE15B1D1C41D3008A9AFA /* iAd.framework */,
				FB2CE15C1D1C41D3008A9AFA /* MediaPlayer.framework */,
				FB2CE15D1D1C41D3008A9AFA /* MessageUI.framework */,
				FB2CE15E1D1C41D3008A9AFA /* MobileCoreServices.framework */,
				FB2CE15F1D1C41D3008A9AFA /* PassKit.framework */,
				FB2CE1601D1C41D3008A9AFA /* QuartzCore.framework */,
				FB2CE1611D1C41D3008A9AFA /* Security.framework */,
				FB2CE1621D1C41D3008A9AFA /* Social.framework */,
				FB2CE1631D1C41D3008A9AFA /* StoreKit.framework */,
				FB2CE1641D1C41D3008A9AFA /* SystemConfiguration.framework */,
				FB2CE1651D1C41D3008A9AFA /* UIKit.framework */,
			);
			name = Frameworks;
			sourceTree = "<group>";
		};
		FB9027CF1D05BD55002BECEE = {
			isa = PBXGroup;
			children = (
				FB9027DA1D05BD55002BECEE /* FoodTracker */,
				FB9027EF1D05BD55002BECEE /* FoodTrackerTests */,
				FB9027D91D05BD55002BECEE /* Products */,
				FB2CE17A1D1C6750008A9AFA /* Frameworks */,
				30EEA2D732CD7D20DDA2B843 /* Pods */,
			);
			sourceTree = "<group>";
		};
		FB9027D91D05BD55002BECEE /* Products */ = {
			isa = PBXGroup;
			children = (
				FB9027D81D05BD55002BECEE /* FoodTracker.app */,
				FB9027EC1D05BD55002BECEE /* FoodTrackerTests.xctest */,
			);
			name = Products;
			sourceTree = "<group>";
		};
		FB9027DA1D05BD55002BECEE /* FoodTracker */ = {
			isa = PBXGroup;
			children = (
				FB9027DB1D05BD55002BECEE /* AppDelegate.swift */,
				FB9027DD1D05BD55002BECEE /* ViewController.swift */,
				FB9027DF1D05BD55002BECEE /* Main.storyboard */,
				FB2CE1481D187471008A9AFA /* MealViewController.swift */,
				FBCD47631D11F23900E9B91B /* MealTableViewController.swift */,
				FBCD47611D11DEFC00E9B91B /* MealTableViewCell.swift */,
				FB3331771D0B49FE00E505B3 /* RatingControl.swift */,
				FB3331791D11CB1E00E505B3 /* Meal.swift */,
				FB9027E21D05BD55002BECEE /* Assets.xcassets */,
				FB9027E41D05BD55002BECEE /* LaunchScreen.storyboard */,
				FB9027E71D05BD55002BECEE /* Info.plist */,
			);
			path = FoodTracker;
			sourceTree = "<group>";
		};
		FB9027EF1D05BD55002BECEE /* FoodTrackerTests */ = {
			isa = PBXGroup;
			children = (
				FB9027F01D05BD55002BECEE /* FoodTrackerTests.swift */,
				FB9027F21D05BD55002BECEE /* Info.plist */,
			);
			path = FoodTrackerTests;
			sourceTree = "<group>";
		};
/* End PBXGroup section */

/* Begin PBXNativeTarget section */
		FB9027D71D05BD55002BECEE /* FoodTracker */ = {
			isa = PBXNativeTarget;
			buildConfigurationList = FB9027F51D05BD55002BECEE /* Build configuration list for PBXNativeTarget "FoodTracker" */;
			buildPhases = (
				D1BBA6A9EA37B3CF42F85B5B /* [CP] Check Pods Manifest.lock */,
				FB9027D41D05BD55002BECEE /* Sources */,
				FB9027D51D05BD55002BECEE /* Frameworks */,
				FB9027D61D05BD55002BECEE /* Resources */,
				BDD1527D0B6A4B780219AD2D /* [CP] Embed Pods Frameworks */,
				419ABECA6AD640E24CFB85B9 /* [CP] Copy Pods Resources */,
			);
			buildRules = (
			);
			dependencies = (
			);
			name = FoodTracker;
			productName = FoodTracker;
			productReference = FB9027D81D05BD55002BECEE /* FoodTracker.app */;
			productType = "com.apple.product-type.application";
		};
		FB9027EB1D05BD55002BECEE /* FoodTrackerTests */ = {
			isa = PBXNativeTarget;
			buildConfigurationList = FB9027F81D05BD55002BECEE /* Build configuration list for PBXNativeTarget "FoodTrackerTests" */;
			buildPhases = (
				B5957ACD84FE673225A74014 /* [CP] Check Pods Manifest.lock */,
				FB9027E81D05BD55002BECEE /* Sources */,
				FB9027E91D05BD55002BECEE /* Frameworks */,
				FB9027EA1D05BD55002BECEE /* Resources */,
				CE5D297E8EE074856668825C /* [CP] Embed Pods Frameworks */,
				369D737F7F7157433F87C29A /* [CP] Copy Pods Resources */,
			);
			buildRules = (
			);
			dependencies = (
				FB9027EE1D05BD55002BECEE /* PBXTargetDependency */,
			);
			name = FoodTrackerTests;
			productName = FoodTrackerTests;
			productReference = FB9027EC1D05BD55002BECEE /* FoodTrackerTests.xctest */;
			productType = "com.apple.product-type.bundle.unit-test";
		};
/* End PBXNativeTarget section */

/* Begin PBXProject section */
		FB9027D01D05BD55002BECEE /* Project object */ = {
			isa = PBXProject;
			attributes = {
				KnownAssetTags = (
					com.apple.gamecenter.Leaderboard,
				);
				LastSwiftUpdateCheck = 0730;
				LastUpgradeCheck = 0730;
				ORGANIZATIONNAME = "Stephen Gallo";
				TargetAttributes = {
					FB9027D71D05BD55002BECEE = {
						CreatedOnToolsVersion = 7.3.1;
						DevelopmentTeam = HR94J6TSB3;
					};
					FB9027EB1D05BD55002BECEE = {
						CreatedOnToolsVersion = 7.3.1;
						TestTargetID = FB9027D71D05BD55002BECEE;
					};
				};
			};
			buildConfigurationList = FB9027D31D05BD55002BECEE /* Build configuration list for PBXProject "FoodTracker" */;
			compatibilityVersion = "Xcode 3.2";
			developmentRegion = English;
			hasScannedForEncodings = 0;
			knownRegions = (
				en,
				Base,
			);
			mainGroup = FB9027CF1D05BD55002BECEE;
			productRefGroup = FB9027D91D05BD55002BECEE /* Products */;
			projectDirPath = "";
			projectRoot = "";
			targets = (
				FB9027D71D05BD55002BECEE /* FoodTracker */,
				FB9027EB1D05BD55002BECEE /* FoodTrackerTests */,
			);
		};
/* End PBXProject section */

/* Begin PBXResourcesBuildPhase section */
		FB9027D61D05BD55002BECEE /* Resources */ = {
			isa = PBXResourcesBuildPhase;
			buildActionMask = 2147483647;
			files = (
				FB9027E61D05BD55002BECEE /* LaunchScreen.storyboard in Resources */,
				FB9027E31D05BD55002BECEE /* Assets.xcassets in Resources */,
				FB9027E11D05BD55002BECEE /* Main.storyboard in Resources */,
			);
			runOnlyForDeploymentPostprocessing = 0;
		};
		FB9027EA1D05BD55002BECEE /* Resources */ = {
			isa = PBXResourcesBuildPhase;
			buildActionMask = 2147483647;
			files = (
			);
			runOnlyForDeploymentPostprocessing = 0;
		};
/* End PBXResourcesBuildPhase section */

/* Begin PBXShellScriptBuildPhase section */
		369D737F7F7157433F87C29A /* [CP] Copy Pods Resources */ = {
			isa = PBXShellScriptBuildPhase;
			buildActionMask = 2147483647;
			files = (
			);
			inputPaths = (
			);
			name = "[CP] Copy Pods Resources";
			outputPaths = (
			);
			runOnlyForDeploymentPostprocessing = 0;
			shellPath = /bin/sh;
			shellScript = "\"${SRCROOT}/Pods/Target Support Files/Pods-FoodTrackerTests/Pods-FoodTrackerTests-resources.sh\"\n";
			showEnvVarsInLog = 0;
		};
		419ABECA6AD640E24CFB85B9 /* [CP] Copy Pods Resources */ = {
			isa = PBXShellScriptBuildPhase;
			buildActionMask = 2147483647;
			files = (
			);
			inputPaths = (
			);
			name = "[CP] Copy Pods Resources";
			outputPaths = (
			);
			runOnlyForDeploymentPostprocessing = 0;
			shellPath = /bin/sh;
			shellScript = "\"${SRCROOT}/Pods/Target Support Files/Pods-FoodTracker/Pods-FoodTracker-resources.sh\"\n";
			showEnvVarsInLog = 0;
		};
		B5957ACD84FE673225A74014 /* [CP] Check Pods Manifest.lock */ = {
			isa = PBXShellScriptBuildPhase;
			buildActionMask = 2147483647;
			files = (
			);
			inputPaths = (
			);
			name = "[CP] Check Pods Manifest.lock";
			outputPaths = (
			);
			runOnlyForDeploymentPostprocessing = 0;
			shellPath = /bin/sh;
			shellScript = "diff \"${PODS_ROOT}/../Podfile.lock\" \"${PODS_ROOT}/Manifest.lock\" > /dev/null\nif [[ $? != 0 ]] ; then\n    cat << EOM\nerror: The sandbox is not in sync with the Podfile.lock. Run 'pod install' or update your CocoaPods installation.\nEOM\n    exit 1\nfi\n";
			showEnvVarsInLog = 0;
		};
		BDD1527D0B6A4B780219AD2D /* [CP] Embed Pods Frameworks */ = {
			isa = PBXShellScriptBuildPhase;
			buildActionMask = 2147483647;
			files = (
			);
			inputPaths = (
			);
			name = "[CP] Embed Pods Frameworks";
			outputPaths = (
			);
			runOnlyForDeploymentPostprocessing = 0;
			shellPath = /bin/sh;
			shellScript = "\"${SRCROOT}/Pods/Target Support Files/Pods-FoodTracker/Pods-FoodTracker-frameworks.sh\"\n";
			showEnvVarsInLog = 0;
		};
		CE5D297E8EE074856668825C /* [CP] Embed Pods Frameworks */ = {
			isa = PBXShellScriptBuildPhase;
			buildActionMask = 2147483647;
			files = (
			);
			inputPaths = (
			);
			name = "[CP] Embed Pods Frameworks";
			outputPaths = (
			);
			runOnlyForDeploymentPostprocessing = 0;
			shellPath = /bin/sh;
			shellScript = "\"${SRCROOT}/Pods/Target Support Files/Pods-FoodTrackerTests/Pods-FoodTrackerTests-frameworks.sh\"\n";
			showEnvVarsInLog = 0;
		};
		D1BBA6A9EA37B3CF42F85B5B /* [CP] Check Pods Manifest.lock */ = {
			isa = PBXShellScriptBuildPhase;
			buildActionMask = 2147483647;
			files = (
			);
			inputPaths = (
			);
			name = "[CP] Check Pods Manifest.lock";
			outputPaths = (
			);
			runOnlyForDeploymentPostprocessing = 0;
			shellPath = /bin/sh;
			shellScript = "diff \"${PODS_ROOT}/../Podfile.lock\" \"${PODS_ROOT}/Manifest.lock\" > /dev/null\nif [[ $? != 0 ]] ; then\n    cat << EOM\nerror: The sandbox is not in sync with the Podfile.lock. Run 'pod install' or update your CocoaPods installation.\nEOM\n    exit 1\nfi\n";
			showEnvVarsInLog = 0;
		};
/* End PBXShellScriptBuildPhase section */

/* Begin PBXSourcesBuildPhase section */
		FB9027D41D05BD55002BECEE /* Sources */ = {
			isa = PBXSourcesBuildPhase;
			buildActionMask = 2147483647;
			files = (
				FB33317A1D11CB1E00E505B3 /* Meal.swift in Sources */,
				FB9027DE1D05BD55002BECEE /* ViewController.swift in Sources */,
				FB3331781D0B49FE00E505B3 /* RatingControl.swift in Sources */,
				FB2CE1491D187471008A9AFA /* MealViewController.swift in Sources */,
				FB9027DC1D05BD55002BECEE /* AppDelegate.swift in Sources */,
				FBCD47641D11F23900E9B91B /* MealTableViewController.swift in Sources */,
				FBCD47621D11DEFC00E9B91B /* MealTableViewCell.swift in Sources */,
			);
			runOnlyForDeploymentPostprocessing = 0;
		};
		FB9027E81D05BD55002BECEE /* Sources */ = {
			isa = PBXSourcesBuildPhase;
			buildActionMask = 2147483647;
			files = (
				FB33317B1D11CB1E00E505B3 /* Meal.swift in Sources */,
				FB9027F11D05BD55002BECEE /* FoodTrackerTests.swift in Sources */,
			);
			runOnlyForDeploymentPostprocessing = 0;
		};
/* End PBXSourcesBuildPhase section */

/* Begin PBXTargetDependency section */
		FB9027EE1D05BD55002BECEE /* PBXTargetDependency */ = {
			isa = PBXTargetDependency;
			target = FB9027D71D05BD55002BECEE /* FoodTracker */;
			targetProxy = FB9027ED1D05BD55002BECEE /* PBXContainerItemProxy */;
		};
/* End PBXTargetDependency section */

/* Begin PBXVariantGroup section */
		FB9027DF1D05BD55002BECEE /* Main.storyboard */ = {
			isa = PBXVariantGroup;
			children = (
				FB9027E01D05BD55002BECEE /* Base */,
			);
			name = Main.storyboard;
			sourceTree = "<group>";
		};
		FB9027E41D05BD55002BECEE /* LaunchScreen.storyboard */ = {
			isa = PBXVariantGroup;
			children = (
				FB9027E51D05BD55002BECEE /* Base */,
			);
			name = LaunchScreen.storyboard;
			sourceTree = "<group>";
		};
/* End PBXVariantGroup section */

/* Begin XCBuildConfiguration section */
		FB9027F31D05BD55002BECEE /* Debug */ = {
			isa = XCBuildConfiguration;
			buildSettings = {
				ALWAYS_SEARCH_USER_PATHS = NO;
				CLANG_ANALYZER_NONNULL = YES;
				CLANG_CXX_LANGUAGE_STANDARD = "gnu++0x";
				CLANG_CXX_LIBRARY = "libc++";
				CLANG_ENABLE_MODULES = YES;
				CLANG_ENABLE_OBJC_ARC = YES;
				CLANG_WARN_BOOL_CONVERSION = YES;
				CLANG_WARN_CONSTANT_CONVERSION = YES;
				CLANG_WARN_DIRECT_OBJC_ISA_USAGE = YES_ERROR;
				CLANG_WARN_EMPTY_BODY = YES;
				CLANG_WARN_ENUM_CONVERSION = YES;
				CLANG_WARN_INT_CONVERSION = YES;
				CLANG_WARN_OBJC_ROOT_CLASS = YES_ERROR;
				CLANG_WARN_UNREACHABLE_CODE = YES;
				CLANG_WARN__DUPLICATE_METHOD_MATCH = YES;
				"CODE_SIGN_IDENTITY[sdk=iphoneos*]" = "iPhone Developer";
				COPY_PHASE_STRIP = NO;
				DEBUG_INFORMATION_FORMAT = dwarf;
				EMBEDDED_CONTENT_CONTAINS_SWIFT = YES;
				ENABLE_STRICT_OBJC_MSGSEND = YES;
				ENABLE_TESTABILITY = YES;
				FRAMEWORK_SEARCH_PATHS = "";
				GCC_C_LANGUAGE_STANDARD = gnu99;
				GCC_DYNAMIC_NO_PIC = NO;
				GCC_NO_COMMON_BLOCKS = YES;
				GCC_OPTIMIZATION_LEVEL = 0;
				GCC_PREPROCESSOR_DEFINITIONS = (
					"DEBUG=1",
					"$(inherited)",
				);
				GCC_WARN_64_TO_32_BIT_CONVERSION = YES;
				GCC_WARN_ABOUT_RETURN_TYPE = YES_ERROR;
				GCC_WARN_UNDECLARED_SELECTOR = YES;
				GCC_WARN_UNINITIALIZED_AUTOS = YES_AGGRESSIVE;
				GCC_WARN_UNUSED_FUNCTION = YES;
				GCC_WARN_UNUSED_VARIABLE = YES;
				IPHONEOS_DEPLOYMENT_TARGET = 9.3;
				LIBRARY_SEARCH_PATHS = "$(SRCROOT)";
				MTL_ENABLE_DEBUG_INFO = YES;
				ONLY_ACTIVE_ARCH = YES;
				OTHER_LDFLAGS = "$(inherited)";
				SDKROOT = iphoneos;
				SWIFT_OBJC_BRIDGING_HEADER = "$(inherited)";
				"SWIFT_OBJC_BRIDGING_HEADER[arch=*]" = "";
				SWIFT_OPTIMIZATION_LEVEL = "-Onone";
				TARGETED_DEVICE_FAMILY = "1,2";
			};
			name = Debug;
		};
		FB9027F41D05BD55002BECEE /* Release */ = {
			isa = XCBuildConfiguration;
			buildSettings = {
				ALWAYS_SEARCH_USER_PATHS = NO;
				CLANG_ANALYZER_NONNULL = YES;
				CLANG_CXX_LANGUAGE_STANDARD = "gnu++0x";
				CLANG_CXX_LIBRARY = "libc++";
				CLANG_ENABLE_MODULES = YES;
				CLANG_ENABLE_OBJC_ARC = YES;
				CLANG_WARN_BOOL_CONVERSION = YES;
				CLANG_WARN_CONSTANT_CONVERSION = YES;
				CLANG_WARN_DIRECT_OBJC_ISA_USAGE = YES_ERROR;
				CLANG_WARN_EMPTY_BODY = YES;
				CLANG_WARN_ENUM_CONVERSION = YES;
				CLANG_WARN_INT_CONVERSION = YES;
				CLANG_WARN_OBJC_ROOT_CLASS = YES_ERROR;
				CLANG_WARN_UNREACHABLE_CODE = YES;
				CLANG_WARN__DUPLICATE_METHOD_MATCH = YES;
				"CODE_SIGN_IDENTITY[sdk=iphoneos*]" = "iPhone Developer";
				COPY_PHASE_STRIP = NO;
				DEBUG_INFORMATION_FORMAT = "dwarf-with-dsym";
				EMBEDDED_CONTENT_CONTAINS_SWIFT = YES;
				ENABLE_NS_ASSERTIONS = NO;
				ENABLE_STRICT_OBJC_MSGSEND = YES;
				"FRAMEWORK_SEARCH_PATHS[arch=*]" = "";
				GCC_C_LANGUAGE_STANDARD = gnu99;
				GCC_NO_COMMON_BLOCKS = YES;
				GCC_WARN_64_TO_32_BIT_CONVERSION = YES;
				GCC_WARN_ABOUT_RETURN_TYPE = YES_ERROR;
				GCC_WARN_UNDECLARED_SELECTOR = YES;
				GCC_WARN_UNINITIALIZED_AUTOS = YES_AGGRESSIVE;
				GCC_WARN_UNUSED_FUNCTION = YES;
				GCC_WARN_UNUSED_VARIABLE = YES;
				IPHONEOS_DEPLOYMENT_TARGET = 9.3;
				LIBRARY_SEARCH_PATHS = "$(SRCROOT)";
				MTL_ENABLE_DEBUG_INFO = NO;
				ONLY_ACTIVE_ARCH = YES;
				OTHER_LDFLAGS = "$(inherited)";
				SDKROOT = iphoneos;
				SWIFT_OBJC_BRIDGING_HEADER = "$(inherited)";
				TARGETED_DEVICE_FAMILY = "1,2";
				VALIDATE_PRODUCT = YES;
			};
			name = Release;
		};
		FB9027F61D05BD55002BECEE /* Debug */ = {
			isa = XCBuildConfiguration;
			baseConfigurationReference = 16DA84A1408BA04D3F648162 /* Pods-FoodTracker.debug.xcconfig */;
			buildSettings = {
				ASSETCATALOG_COMPILER_APPICON_NAME = AppIcon;
				CODE_SIGN_IDENTITY = "iPhone Developer";
				"CODE_SIGN_IDENTITY[sdk=iphoneos*]" = "iPhone Developer";
				FRAMEWORK_SEARCH_PATHS = (
					"$(inherited)",
					"\"$PODS_CONFIGURATION_BUILD_DIR/AppNexusSDK\"",
				);
				INFOPLIST_FILE = FoodTracker/Info.plist;
				LD_RUNPATH_SEARCH_PATHS = "$(inherited) @executable_path/Frameworks";
				LIBRARY_SEARCH_PATHS = (
					"$(inherited)",
					"$(PROJECT_DIR)/AppNexusSDK",
					"$(SRCROOT)",
				);
				OTHER_LDFLAGS = "$(inherited)";
				PRODUCT_BUNDLE_IDENTIFIER = "sgallo-mobile-test";
				PRODUCT_NAME = "$(TARGET_NAME)";
				PROVISIONING_PROFILE = "";
				SWIFT_OBJC_BRIDGING_HEADER = "$(inherited)";
			};
			name = Debug;
		};
		FB9027F71D05BD55002BECEE /* Release */ = {
			isa = XCBuildConfiguration;
			baseConfigurationReference = 52F064839EBD910D9C6E0B5D /* Pods-FoodTracker.release.xcconfig */;
			buildSettings = {
				ASSETCATALOG_COMPILER_APPICON_NAME = AppIcon;
				CODE_SIGN_IDENTITY = "iPhone Developer";
				"CODE_SIGN_IDENTITY[sdk=iphoneos*]" = "iPhone Developer";
				INFOPLIST_FILE = FoodTracker/Info.plist;
				LD_RUNPATH_SEARCH_PATHS = "$(inherited) @executable_path/Frameworks";
				LIBRARY_SEARCH_PATHS = (
					"$(inherited)",
					"$(PROJECT_DIR)/AppNexusSDK",
					"$(SRCROOT)",
				);
				OTHER_LDFLAGS = "$(inherited)";
				PRODUCT_BUNDLE_IDENTIFIER = "sgallo-mobile-test";
				PRODUCT_NAME = "$(TARGET_NAME)";
				PROVISIONING_PROFILE = "";
				SWIFT_OBJC_BRIDGING_HEADER = "$(inherited)";
			};
			name = Release;
		};
		FB9027F91D05BD55002BECEE /* Debug */ = {
			isa = XCBuildConfiguration;
			buildSettings = {
				BUNDLE_LOADER = "$(TEST_HOST)";
				INFOPLIST_FILE = FoodTrackerTests/Info.plist;
				LD_RUNPATH_SEARCH_PATHS = "$(inherited) @executable_path/Frameworks @loader_path/Frameworks";
				PRODUCT_BUNDLE_IDENTIFIER = com.example.FoodTrackerTests;
				PRODUCT_NAME = "$(TARGET_NAME)";
				TEST_HOST = "$(BUILT_PRODUCTS_DIR)/FoodTracker.app/FoodTracker";
			};
			name = Debug;
		};
		FB9027FA1D05BD55002BECEE /* Release */ = {
			isa = XCBuildConfiguration;
			buildSettings = {
				BUNDLE_LOADER = "$(TEST_HOST)";
				INFOPLIST_FILE = FoodTrackerTests/Info.plist;
				LD_RUNPATH_SEARCH_PATHS = "$(inherited) @executable_path/Frameworks @loader_path/Frameworks";
				PRODUCT_BUNDLE_IDENTIFIER = com.example.FoodTrackerTests;
				PRODUCT_NAME = "$(TARGET_NAME)";
				TEST_HOST = "$(BUILT_PRODUCTS_DIR)/FoodTracker.app/FoodTracker";
			};
			name = Release;
		};
/* End XCBuildConfiguration section */

/* Begin XCConfigurationList section */
		FB9027D31D05BD55002BECEE /* Build configuration list for PBXProject "FoodTracker" */ = {
			isa = XCConfigurationList;
			buildConfigurations = (
				FB9027F31D05BD55002BECEE /* Debug */,
				FB9027F41D05BD55002BECEE /* Release */,
			);
			defaultConfigurationIsVisible = 0;
			defaultConfigurationName = Release;
		};
		FB9027F51D05BD55002BECEE /* Build configuration list for PBXNativeTarget "FoodTracker" */ = {
			isa = XCConfigurationList;
			buildConfigurations = (
				FB9027F61D05BD55002BECEE /* Debug */,
				FB9027F71D05BD55002BECEE /* Release */,
			);
			defaultConfigurationIsVisible = 0;
			defaultConfigurationName = Release;
		};
		FB9027F81D05BD55002BECEE /* Build configuration list for PBXNativeTarget "FoodTrackerTests" */ = {
			isa = XCConfigurationList;
			buildConfigurations = (
				FB9027F91D05BD55002BECEE /* Debug */,
				FB9027FA1D05BD55002BECEE /* Release */,
			);
			defaultConfigurationIsVisible = 0;
			defaultConfigurationName = Release;
		};
/* End XCConfigurationList section */
	};
	rootObject = FB9027D01D05BD55002BECEE /* Project object */;
}
